
Microsoft Visual Studio Solution File, Format Version 12.00
# Visual Studio Version 17
VisualStudioVersion = 17.6.33815.320
MinimumVisualStudioVersion = 10.0.40219.1
Project("{9A19103F-16F7-4668-BE54-9A1E7A4F7556}") = "REST API", "REST API\REST API.csproj", "{584F301F-45FC-4B84-93CB-81456404B8CD}"
EndProject
Project("{2150E333-8FDC-42A3-9474-1A3956D46DE8}") = "Adapters", "Adapters", "{FE8163F3-1282-41BD-A719-556B05077A36}"
EndProject
Project("{9A19103F-16F7-4668-BE54-9A1E7A4F7556}") = "Persistence", "Persistence\Persistence.csproj", "{0812BCFE-E101-4393-9648-5924953D3BD0}"
EndProject
Project("{2150E333-8FDC-42A3-9474-1A3956D46DE8}") = "Application", "Application", "{3A7E1331-4309-415F-9455-B523AFBF48E2}"
EndProject
Project("{2150E333-8FDC-42A3-9474-1A3956D46DE8}") = "Domain", "Domain", "{BBF6D3AD-E685-48EF-90A4-9422DB0DA14C}"
EndProject
Project("{9A19103F-16F7-4668-BE54-9A1E7A4F7556}") = "Application", "Application\Application.csproj", "{20632BB9-FE3F-4599-9257-65FB594E9F84}"
EndProject
Project("{9A19103F-16F7-4668-BE54-9A1E7A4F7556}") = "Domain", "Domain\Domain.csproj", "{B636BD32-FB30-4DCC-BDB4-2BBA9CCB9FE2}"
EndProject
Project("{2150E333-8FDC-42A3-9474-1A3956D46DE8}") = "Test", "Test", "{9DFE4A3B-B52A-4583-A3E3-CA4D7F65ED5F}"
EndProject
Project("{9A19103F-16F7-4668-BE54-9A1E7A4F7556}") = "Test", "Test\Test.csproj", "{6698F763-7416-4287-A379-99CDE1F215CC}"
EndProject
Global
	GlobalSection(SolutionConfigurationPlatforms) = preSolution
		Debug|Any CPU = Debug|Any CPU
		Release|Any CPU = Release|Any CPU
	EndGlobalSection
	GlobalSection(ProjectConfigurationPlatforms) = postSolution
		{584F301F-45FC-4B84-93CB-81456404B8CD}.Debug|Any CPU.ActiveCfg = Debug|Any CPU
		{584F301F-45FC-4B84-93CB-81456404B8CD}.Debug|Any CPU.Build.0 = Debug|Any CPU
		{584F301F-45FC-4B84-93CB-81456404B8CD}.Release|Any CPU.ActiveCfg = Release|Any CPU
		{584F301F-45FC-4B84-93CB-81456404B8CD}.Release|Any CPU.Build.0 = Release|Any CPU
		{0812BCFE-E101-4393-9648-5924953D3BD0}.Debug|Any CPU.ActiveCfg = Debug|Any CPU
		{0812BCFE-E101-4393-9648-5924953D3BD0}.Debug|Any CPU.Build.0 = Debug|Any CPU
		{0812BCFE-E101-4393-9648-5924953D3BD0}.Release|Any CPU.ActiveCfg = Release|Any CPU
		{0812BCFE-E101-4393-9648-5924953D3BD0}.Release|Any CPU.Build.0 = Release|Any CPU
		{20632BB9-FE3F-4599-9257-65FB594E9F84}.Debug|Any CPU.ActiveCfg = Debug|Any CPU
		{20632BB9-FE3F-4599-9257-65FB594E9F84}.Debug|Any CPU.Build.0 = Debug|Any CPU
		{20632BB9-FE3F-4599-9257-65FB594E9F84}.Release|Any CPU.ActiveCfg = Release|Any CPU
		{20632BB9-FE3F-4599-9257-65FB594E9F84}.Release|Any CPU.Build.0 = Release|Any CPU
		{B636BD32-FB30-4DCC-BDB4-2BBA9CCB9FE2}.Debug|Any CPU.ActiveCfg = Debug|Any CPU
		{B636BD32-FB30-4DCC-BDB4-2BBA9CCB9FE2}.Debug|Any CPU.Build.0 = Debug|Any CPU
		{B636BD32-FB30-4DCC-BDB4-2BBA9CCB9FE2}.Release|Any CPU.ActiveCfg = Release|Any CPU
		{B636BD32-FB30-4DCC-BDB4-2BBA9CCB9FE2}.Release|Any CPU.Build.0 = Release|Any CPU
		{6698F763-7416-4287-A379-99CDE1F215CC}.Debug|Any CPU.ActiveCfg = Debug|Any CPU
		{6698F763-7416-4287-A379-99CDE1F215CC}.Debug|Any CPU.Build.0 = Debug|Any CPU
		{6698F763-7416-4287-A379-99CDE1F215CC}.Release|Any CPU.ActiveCfg = Release|Any CPU
		{6698F763-7416-4287-A379-99CDE1F215CC}.Release|Any CPU.Build.0 = Release|Any CPU
	EndGlobalSection
	GlobalSection(SolutionProperties) = preSolution
		HideSolutionNode = FALSE
	EndGlobalSection
	GlobalSection(NestedProjects) = preSolution
		{584F301F-45FC-4B84-93CB-81456404B8CD} = {FE8163F3-1282-41BD-A719-556B05077A36}
		{0812BCFE-E101-4393-9648-5924953D3BD0} = {FE8163F3-1282-41BD-A719-556B05077A36}
		{20632BB9-FE3F-4599-9257-65FB594E9F84} = {3A7E1331-4309-415F-9455-B523AFBF48E2}
		{B636BD32-FB30-4DCC-BDB4-2BBA9CCB9FE2} = {BBF6D3AD-E685-48EF-90A4-9422DB0DA14C}
		{6698F763-7416-4287-A379-99CDE1F215CC} = {9DFE4A3B-B52A-4583-A3E3-CA4D7F65ED5F}
	EndGlobalSection
	GlobalSection(ExtensibilityGlobals) = postSolution
		SolutionGuid = {366F525B-AF55-4E5E-A1F2-F23ABB255618}
	EndGlobalSection
EndGlobal
